
Microsoft Visual Studio Solution File, Format Version 12.00
# Visual Studio Version 17
VisualStudioVersion = 17.4.33205.214
MinimumVisualStudioVersion = 10.0.40219.1
Project("{FAE04EC0-301F-11D3-BF4B-00C04F79EFBC}") = "baglanti", "baglanti.csproj", "{C2998C90-59C4-499B-9777-734DECA678BA}"
EndProject
Global
	GlobalSection(SolutionConfigurationPlatforms) = preSolution
		Debug|Any CPU = Debug|Any CPU
		Release|Any CPU = Release|Any CPU
	EndGlobalSection
	GlobalSection(ProjectConfigurationPlatforms) = postSolution
		{C2998C90-59C4-499B-9777-734DECA678BA}.Debug|Any CPU.ActiveCfg = Debug|Any CPU
		{C2998C90-59C4-499B-9777-734DECA678BA}.Debug|Any CPU.Build.0 = Debug|Any CPU
		{C2998C90-59C4-499B-9777-734DECA678BA}.Release|Any CPU.ActiveCfg = Release|Any CPU
		{C2998C90-59C4-499B-9777-734DECA678BA}.Release|Any CPU.Build.0 = Release|Any CPU
	EndGlobalSection
	GlobalSection(SolutionProperties) = preSolution
		HideSolutionNode = FALSE
	EndGlobalSection
	GlobalSection(ExtensibilityGlobals) = postSolution
		SolutionGuid = {9F7596F4-3D99-454A-B552-23C90655BADD}
	EndGlobalSection
EndGlobal
